
Microsoft Visual Studio Solution File, Format Version 12.00
# Visual Studio Version 17
VisualStudioVersion = 17.10.35004.147
MinimumVisualStudioVersion = 10.0.40219.1
Project("{FAE04EC0-301F-11D3-BF4B-00C04F79EFBC}") = "KATA_CACIB", "KATA_CACIB.csproj", "{F63B4938-018C-4BB8-BDFC-F8D5980C577F}"
EndProject
Global
	GlobalSection(SolutionConfigurationPlatforms) = preSolution
		Debug|Any CPU = Debug|Any CPU
		Release|Any CPU = Release|Any CPU
	EndGlobalSection
	GlobalSection(ProjectConfigurationPlatforms) = postSolution
		{F63B4938-018C-4BB8-BDFC-F8D5980C577F}.Debug|Any CPU.ActiveCfg = Debug|Any CPU
		{F63B4938-018C-4BB8-BDFC-F8D5980C577F}.Debug|Any CPU.Build.0 = Debug|Any CPU
		{F63B4938-018C-4BB8-BDFC-F8D5980C577F}.Release|Any CPU.ActiveCfg = Release|Any CPU
		{F63B4938-018C-4BB8-BDFC-F8D5980C577F}.Release|Any CPU.Build.0 = Release|Any CPU
	EndGlobalSection
	GlobalSection(SolutionProperties) = preSolution
		HideSolutionNode = FALSE
	EndGlobalSection
	GlobalSection(ExtensibilityGlobals) = postSolution
		SolutionGuid = {1B96E44F-130F-4C05-AA77-E687BBC524B7}
	EndGlobalSection
EndGlobal
